
Microsoft Visual Studio Solution File, Format Version 12.00
# Visual Studio Version 16
VisualStudioVersion = 16.0.30128.74
MinimumVisualStudioVersion = 10.0.40219.1
Project("{FAE04EC0-301F-11D3-BF4B-00C04F79EFBC}") = "How-to-synchronize-two-datagrids", "How-to-synchronize-two-datagrids\How-to-synchronize-two-datagrids.csproj", "{7A44609B-E385-45B9-99C3-E4FE522C43EB}"
EndProject
Project("{2150E333-8FDC-42A3-9474-1A3956D46DE8}") = "DevExtreme NuGet.config", "DevExtreme NuGet.config", "{4E6FA2FF-DE52-4E18-B21E-383B4CF37672}"
	ProjectSection(SolutionItems) = preProject
		NuGet.config = NuGet.config
	EndProjectSection
EndProject
Global
	GlobalSection(SolutionConfigurationPlatforms) = preSolution
		Debug|Any CPU = Debug|Any CPU
		Release|Any CPU = Release|Any CPU
	EndGlobalSection
	GlobalSection(ProjectConfigurationPlatforms) = postSolution
		{7A44609B-E385-45B9-99C3-E4FE522C43EB}.Debug|Any CPU.ActiveCfg = Debug|Any CPU
		{7A44609B-E385-45B9-99C3-E4FE522C43EB}.Debug|Any CPU.Build.0 = Debug|Any CPU
		{7A44609B-E385-45B9-99C3-E4FE522C43EB}.Release|Any CPU.ActiveCfg = Release|Any CPU
		{7A44609B-E385-45B9-99C3-E4FE522C43EB}.Release|Any CPU.Build.0 = Release|Any CPU
	EndGlobalSection
	GlobalSection(SolutionProperties) = preSolution
		HideSolutionNode = FALSE
	EndGlobalSection
	GlobalSection(ExtensibilityGlobals) = postSolution
		SolutionGuid = {2DAACDE6-ED72-4EAC-B64F-36F5574FFF3A}
	EndGlobalSection
EndGlobal
